{
  "originHash" : "71ba5fc8e75171d64a8afa284d92f084cbe1f74420f77ca2193f6983c652c2fc",
  "pins" : [
    {
      "identity" : "grdb.swift",
      "kind" : "remoteSourceControl",
      "location" : "https://github.com/groue/GRDB.swift",
      "state" : {
        "branch" : "master",
        "revision" : "a5a1be26b4513dc7ec360eb56bc08a345bac6649"
      }
    },
    {
      "identity" : "swxmlhash",
      "kind" : "remoteSourceControl",
      "location" : "https://github.com/drmohundro/SWXMLHash.git",
      "state" : {
        "revision" : "9cfb8730651ae7f57a6f5d413e2f07be7d7dbd41",
        "version" : "8.1.1"
      }
    }
  ],
  "version" : 3
}
